{
  "name": "@sonata-api/types",
  "version": "0.0.1",
  "lockfileVersion": 3,
  "requires": true,
  "packages": {
    "": {
      "name": "@sonata-api/types",
      "version": "0.0.1",
      "license": "ISC",
      "devDependencies": {
        "@types/node": "^20.4.2"
      }
    },
    "node_modules/@types/node": {
      "version": "20.4.10",
      "resolved": "https://registry.npmjs.org/@types/node/-/node-20.4.10.tgz",
      "integrity": "sha512-vwzFiiy8Rn6E0MtA13/Cxxgpan/N6UeNYR9oUu6kuJWxu6zCk98trcDp8CBhbtaeuq9SykCmXkFr2lWLoPcvLg==",
      "dev": true
    }
  }
}
